
Microsoft Visual Studio Solution File, Format Version 12.00
# Visual Studio 15
VisualStudioVersion = 15.0.26730.15
MinimumVisualStudioVersion = 10.0.40219.1
Project("{8BC9CEB8-8B4A-11D0-8D11-00A0C91BC942}") = "FlappyPlane", "FlappyPlane\FlappyPlane.vcxproj", "{F8EC48FE-248E-4B17-80C9-3DEA68EA5F49}"
EndProject
Global
	GlobalSection(SolutionConfigurationPlatforms) = preSolution
		Debug|x64 = Debug|x64
		Debug|x86 = Debug|x86
		Release|x64 = Release|x64
		Release|x86 = Release|x86
	EndGlobalSection
	GlobalSection(ProjectConfigurationPlatforms) = postSolution
		{F8EC48FE-248E-4B17-80C9-3DEA68EA5F49}.Debug|x64.ActiveCfg = Debug|x64
		{F8EC48FE-248E-4B17-80C9-3DEA68EA5F49}.Debug|x64.Build.0 = Debug|x64
		{F8EC48FE-248E-4B17-80C9-3DEA68EA5F49}.Debug|x86.ActiveCfg = Debug|Win32
		{F8EC48FE-248E-4B17-80C9-3DEA68EA5F49}.Debug|x86.Build.0 = Debug|Win32
		{F8EC48FE-248E-4B17-80C9-3DEA68EA5F49}.Release|x64.ActiveCfg = Release|x64
		{F8EC48FE-248E-4B17-80C9-3DEA68EA5F49}.Release|x64.Build.0 = Release|x64
		{F8EC48FE-248E-4B17-80C9-3DEA68EA5F49}.Release|x86.ActiveCfg = Release|Win32
		{F8EC48FE-248E-4B17-80C9-3DEA68EA5F49}.Release|x86.Build.0 = Release|Win32
	EndGlobalSection
	GlobalSection(SolutionProperties) = preSolution
		HideSolutionNode = FALSE
	EndGlobalSection
	GlobalSection(ExtensibilityGlobals) = postSolution
		SolutionGuid = {61C75660-72E8-4D35-BE3F-657D28BF73D8}
	EndGlobalSection
EndGlobal
